
Microsoft Visual Studio Solution File, Format Version 12.00
# Visual Studio Version 16
VisualStudioVersion = 16.0.31515.178
MinimumVisualStudioVersion = 10.0.40219.1
Project("{FAE04EC0-301F-11D3-BF4B-00C04F79EFBC}") = "Pic2DB.UWP", "Pic2DB\Pic2DB.UWP\Pic2DB.UWP.csproj", "{9631E58E-DA27-4088-90C7-50D8A3BD1729}"
EndProject
Project("{FAE04EC0-301F-11D3-BF4B-00C04F79EFBC}") = "Pic2DB.Android", "Pic2DB\Pic2DB.Android\Pic2DB.Android.csproj", "{2E748B14-85F0-435B-8E1A-162E2E1C4E4F}"
EndProject
Project("{FAE04EC0-301F-11D3-BF4B-00C04F79EFBC}") = "Pic2DB.iOS", "Pic2DB\Pic2DB.iOS\Pic2DB.iOS.csproj", "{6A9396EF-D5AE-4E7D-87F6-60C9D444A4D7}"
EndProject
Project("{9A19103F-16F7-4668-BE54-9A1E7A4F7556}") = "Pic2DB", "Pic2DB\Pic2DB\Pic2DB.csproj", "{A6B15DFB-2734-494A-BF26-50D89A11F161}"
EndProject
Global
	GlobalSection(SolutionConfigurationPlatforms) = preSolution
		Debug|Any CPU = Debug|Any CPU
		Debug|ARM = Debug|ARM
		Debug|iPhone = Debug|iPhone
		Debug|iPhoneSimulator = Debug|iPhoneSimulator
		Debug|x64 = Debug|x64
		Debug|x86 = Debug|x86
		Release|Any CPU = Release|Any CPU
		Release|ARM = Release|ARM
		Release|iPhone = Release|iPhone
		Release|iPhoneSimulator = Release|iPhoneSimulator
		Release|x64 = Release|x64
		Release|x86 = Release|x86
	EndGlobalSection
	GlobalSection(ProjectConfigurationPlatforms) = postSolution
		{9631E58E-DA27-4088-90C7-50D8A3BD1729}.Debug|Any CPU.ActiveCfg = Debug|x86
		{9631E58E-DA27-4088-90C7-50D8A3BD1729}.Debug|Any CPU.Build.0 = Debug|x86
		{9631E58E-DA27-4088-90C7-50D8A3BD1729}.Debug|Any CPU.Deploy.0 = Debug|x86
		{9631E58E-DA27-4088-90C7-50D8A3BD1729}.Debug|ARM.ActiveCfg = Debug|ARM
		{9631E58E-DA27-4088-90C7-50D8A3BD1729}.Debug|ARM.Build.0 = Debug|ARM
		{9631E58E-DA27-4088-90C7-50D8A3BD1729}.Debug|ARM.Deploy.0 = Debug|ARM
		{9631E58E-DA27-4088-90C7-50D8A3BD1729}.Debug|iPhone.ActiveCfg = Debug|x86
		{9631E58E-DA27-4088-90C7-50D8A3BD1729}.Debug|iPhone.Build.0 = Debug|x86
		{9631E58E-DA27-4088-90C7-50D8A3BD1729}.Debug|iPhone.Deploy.0 = Debug|x86
		{9631E58E-DA27-4088-90C7-50D8A3BD1729}.Debug|iPhoneSimulator.ActiveCfg = Debug|x86
		{9631E58E-DA27-4088-90C7-50D8A3BD1729}.Debug|iPhoneSimulator.Build.0 = Debug|x86
		{9631E58E-DA27-4088-90C7-50D8A3BD1729}.Debug|iPhoneSimulator.Deploy.0 = Debug|x86
		{9631E58E-DA27-4088-90C7-50D8A3BD1729}.Debug|x64.ActiveCfg = Debug|x64
		{9631E58E-DA27-4088-90C7-50D8A3BD1729}.Debug|x64.Build.0 = Debug|x64
		{9631E58E-DA27-4088-90C7-50D8A3BD1729}.Debug|x64.Deploy.0 = Debug|x64
		{9631E58E-DA27-4088-90C7-50D8A3BD1729}.Debug|x86.ActiveCfg = Debug|x86
		{9631E58E-DA27-4088-90C7-50D8A3BD1729}.Debug|x86.Build.0 = Debug|x86
		{9631E58E-DA27-4088-90C7-50D8A3BD1729}.Debug|x86.Deploy.0 = Debug|x86
		{9631E58E-DA27-4088-90C7-50D8A3BD1729}.Release|Any CPU.ActiveCfg = Release|x86
		{9631E58E-DA27-4088-90C7-50D8A3BD1729}.Release|Any CPU.Build.0 = Release|x86
		{9631E58E-DA27-4088-90C7-50D8A3BD1729}.Release|Any CPU.Deploy.0 = Release|x86
		{9631E58E-DA27-4088-90C7-50D8A3BD1729}.Release|ARM.ActiveCfg = Release|ARM
		{9631E58E-DA27-4088-90C7-50D8A3BD1729}.Release|ARM.Build.0 = Release|ARM
		{9631E58E-DA27-4088-90C7-50D8A3BD1729}.Release|ARM.Deploy.0 = Release|ARM
		{9631E58E-DA27-4088-90C7-50D8A3BD1729}.Release|iPhone.ActiveCfg = Release|x86
		{9631E58E-DA27-4088-90C7-50D8A3BD1729}.Release|iPhone.Build.0 = Release|x86
		{9631E58E-DA27-4088-90C7-50D8A3BD1729}.Release|iPhone.Deploy.0 = Release|x86
		{9631E58E-DA27-4088-90C7-50D8A3BD1729}.Release|iPhoneSimulator.ActiveCfg = Release|x86
		{9631E58E-DA27-4088-90C7-50D8A3BD1729}.Release|iPhoneSimulator.Build.0 = Release|x86
		{9631E58E-DA27-4088-90C7-50D8A3BD1729}.Release|iPhoneSimulator.Deploy.0 = Release|x86
		{9631E58E-DA27-4088-90C7-50D8A3BD1729}.Release|x64.ActiveCfg = Release|x64
		{9631E58E-DA27-4088-90C7-50D8A3BD1729}.Release|x64.Build.0 = Release|x64
		{9631E58E-DA27-4088-90C7-50D8A3BD1729}.Release|x64.Deploy.0 = Release|x64
		{9631E58E-DA27-4088-90C7-50D8A3BD1729}.Release|x86.ActiveCfg = Release|x86
		{9631E58E-DA27-4088-90C7-50D8A3BD1729}.Release|x86.Build.0 = Release|x86
		{9631E58E-DA27-4088-90C7-50D8A3BD1729}.Release|x86.Deploy.0 = Release|x86
		{2E748B14-85F0-435B-8E1A-162E2E1C4E4F}.Debug|Any CPU.ActiveCfg = Debug|Any CPU
		{2E748B14-85F0-435B-8E1A-162E2E1C4E4F}.Debug|Any CPU.Build.0 = Debug|Any CPU
		{2E748B14-85F0-435B-8E1A-162E2E1C4E4F}.Debug|Any CPU.Deploy.0 = Debug|Any CPU
		{2E748B14-85F0-435B-8E1A-162E2E1C4E4F}.Debug|ARM.ActiveCfg = Debug|Any CPU
		{2E748B14-85F0-435B-8E1A-162E2E1C4E4F}.Debug|ARM.Build.0 = Debug|Any CPU
		{2E748B14-85F0-435B-8E1A-162E2E1C4E4F}.Debug|ARM.Deploy.0 = Debug|Any CPU
		{2E748B14-85F0-435B-8E1A-162E2E1C4E4F}.Debug|iPhone.ActiveCfg = Debug|Any CPU
		{2E748B14-85F0-435B-8E1A-162E2E1C4E4F}.Debug|iPhone.Build.0 = Debug|Any CPU
		{2E748B14-85F0-435B-8E1A-162E2E1C4E4F}.Debug|iPhone.Deploy.0 = Debug|Any CPU
		{2E748B14-85F0-435B-8E1A-162E2E1C4E4F}.Debug|iPhoneSimulator.ActiveCfg = Debug|Any CPU
		{2E748B14-85F0-435B-8E1A-162E2E1C4E4F}.Debug|iPhoneSimulator.Build.0 = Debug|Any CPU
		{2E748B14-85F0-435B-8E1A-162E2E1C4E4F}.Debug|iPhoneSimulator.Deploy.0 = Debug|Any CPU
		{2E748B14-85F0-435B-8E1A-162E2E1C4E4F}.Debug|x64.ActiveCfg = Debug|Any CPU
		{2E748B14-85F0-435B-8E1A-162E2E1C4E4F}.Debug|x64.Build.0 = Debug|Any CPU
		{2E748B14-85F0-435B-8E1A-162E2E1C4E4F}.Debug|x64.Deploy.0 = Debug|Any CPU
		{2E748B14-85F0-435B-8E1A-162E2E1C4E4F}.Debug|x86.ActiveCfg = Debug|Any CPU
		{2E748B14-85F0-435B-8E1A-162E2E1C4E4F}.Debug|x86.Deploy.0 = Debug|Any CPU
		{2E748B14-85F0-435B-8E1A-162E2E1C4E4F}.Release|Any CPU.ActiveCfg = Release|Any CPU
		{2E748B14-85F0-435B-8E1A-162E2E1C4E4F}.Release|Any CPU.Build.0 = Release|Any CPU
		{2E748B14-85F0-435B-8E1A-162E2E1C4E4F}.Release|Any CPU.Deploy.0 = Release|Any CPU
		{2E748B14-85F0-435B-8E1A-162E2E1C4E4F}.Release|ARM.ActiveCfg = Release|Any CPU
		{2E748B14-85F0-435B-8E1A-162E2E1C4E4F}.Release|ARM.Build.0 = Release|Any CPU
		{2E748B14-85F0-435B-8E1A-162E2E1C4E4F}.Release|ARM.Deploy.0 = Release|Any CPU
		{2E748B14-85F0-435B-8E1A-162E2E1C4E4F}.Release|iPhone.ActiveCfg = Release|Any CPU
		{2E748B14-85F0-435B-8E1A-162E2E1C4E4F}.Release|iPhone.Build.0 = Release|Any CPU
		{2E748B14-85F0-435B-8E1A-162E2E1C4E4F}.Release|iPhone.Deploy.0 = Release|Any CPU
		{2E748B14-85F0-435B-8E1A-162E2E1C4E4F}.Release|iPhoneSimulator.ActiveCfg = Release|Any CPU
		{2E748B14-85F0-435B-8E1A-162E2E1C4E4F}.Release|iPhoneSimulator.Build.0 = Release|Any CPU
		{2E748B14-85F0-435B-8E1A-162E2E1C4E4F}.Release|iPhoneSimulator.Deploy.0 = Release|Any CPU
		{2E748B14-85F0-435B-8E1A-162E2E1C4E4F}.Release|x64.ActiveCfg = Release|Any CPU
		{2E748B14-85F0-435B-8E1A-162E2E1C4E4F}.Release|x64.Build.0 = Release|Any CPU
		{2E748B14-85F0-435B-8E1A-162E2E1C4E4F}.Release|x64.Deploy.0 = Release|Any CPU
		{2E748B14-85F0-435B-8E1A-162E2E1C4E4F}.Release|x86.ActiveCfg = Release|Any CPU
		{2E748B14-85F0-435B-8E1A-162E2E1C4E4F}.Release|x86.Build.0 = Release|Any CPU
		{2E748B14-85F0-435B-8E1A-162E2E1C4E4F}.Release|x86.Deploy.0 = Release|Any CPU
		{6A9396EF-D5AE-4E7D-87F6-60C9D444A4D7}.Debug|Any CPU.ActiveCfg = Debug|iPhoneSimulator
		{6A9396EF-D5AE-4E7D-87F6-60C9D444A4D7}.Debug|Any CPU.Build.0 = Debug|iPhoneSimulator
		{6A9396EF-D5AE-4E7D-87F6-60C9D444A4D7}.Debug|Any CPU.Deploy.0 = Debug|iPhoneSimulator
		{6A9396EF-D5AE-4E7D-87F6-60C9D444A4D7}.Debug|ARM.ActiveCfg = Debug|iPhone
		{6A9396EF-D5AE-4E7D-87F6-60C9D444A4D7}.Debug|ARM.Build.0 = Debug|iPhone
		{6A9396EF-D5AE-4E7D-87F6-60C9D444A4D7}.Debug|ARM.Deploy.0 = Debug|iPhone
		{6A9396EF-D5AE-4E7D-87F6-60C9D444A4D7}.Debug|iPhone.ActiveCfg = Debug|iPhone
		{6A9396EF-D5AE-4E7D-87F6-60C9D444A4D7}.Debug|iPhone.Build.0 = Debug|iPhone
		{6A9396EF-D5AE-4E7D-87F6-60C9D444A4D7}.Debug|iPhone.Deploy.0 = Debug|iPhone
		{6A9396EF-D5AE-4E7D-87F6-60C9D444A4D7}.Debug|iPhoneSimulator.ActiveCfg = Debug|iPhoneSimulator
		{6A9396EF-D5AE-4E7D-87F6-60C9D444A4D7}.Debug|iPhoneSimulator.Build.0 = Debug|iPhoneSimulator
		{6A9396EF-D5AE-4E7D-87F6-60C9D444A4D7}.Debug|iPhoneSimulator.Deploy.0 = Debug|iPhoneSimulator
		{6A9396EF-D5AE-4E7D-87F6-60C9D444A4D7}.Debug|x64.ActiveCfg = Debug|iPhoneSimulator
		{6A9396EF-D5AE-4E7D-87F6-60C9D444A4D7}.Debug|x64.Build.0 = Debug|iPhoneSimulator
		{6A9396EF-D5AE-4E7D-87F6-60C9D444A4D7}.Debug|x64.Deploy.0 = Debug|iPhoneSimulator
		{6A9396EF-D5AE-4E7D-87F6-60C9D444A4D7}.Debug|x86.ActiveCfg = Debug|iPhoneSimulator
		{6A9396EF-D5AE-4E7D-87F6-60C9D444A4D7}.Debug|x86.Deploy.0 = Debug|iPhoneSimulator
		{6A9396EF-D5AE-4E7D-87F6-60C9D444A4D7}.Release|Any CPU.ActiveCfg = Release|iPhoneSimulator
		{6A9396EF-D5AE-4E7D-87F6-60C9D444A4D7}.Release|Any CPU.Build.0 = Release|iPhoneSimulator
		{6A9396EF-D5AE-4E7D-87F6-60C9D444A4D7}.Release|Any CPU.Deploy.0 = Release|iPhoneSimulator
		{6A9396EF-D5AE-4E7D-87F6-60C9D444A4D7}.Release|ARM.ActiveCfg = Release|iPhoneSimulator
		{6A9396EF-D5AE-4E7D-87F6-60C9D444A4D7}.Release|ARM.Build.0 = Release|iPhoneSimulator
		{6A9396EF-D5AE-4E7D-87F6-60C9D444A4D7}.Release|ARM.Deploy.0 = Release|iPhoneSimulator
		{6A9396EF-D5AE-4E7D-87F6-60C9D444A4D7}.Release|iPhone.ActiveCfg = Release|iPhone
		{6A9396EF-D5AE-4E7D-87F6-60C9D444A4D7}.Release|iPhone.Build.0 = Release|iPhone
		{6A9396EF-D5AE-4E7D-87F6-60C9D444A4D7}.Release|iPhone.Deploy.0 = Release|iPhone
		{6A9396EF-D5AE-4E7D-87F6-60C9D444A4D7}.Release|iPhoneSimulator.ActiveCfg = Release|iPhoneSimulator
		{6A9396EF-D5AE-4E7D-87F6-60C9D444A4D7}.Release|iPhoneSimulator.Build.0 = Release|iPhoneSimulator
		{6A9396EF-D5AE-4E7D-87F6-60C9D444A4D7}.Release|iPhoneSimulator.Deploy.0 = Release|iPhoneSimulator
		{6A9396EF-D5AE-4E7D-87F6-60C9D444A4D7}.Release|x64.ActiveCfg = Release|iPhoneSimulator
		{6A9396EF-D5AE-4E7D-87F6-60C9D444A4D7}.Release|x64.Build.0 = Release|iPhoneSimulator
		{6A9396EF-D5AE-4E7D-87F6-60C9D444A4D7}.Release|x64.Deploy.0 = Release|iPhoneSimulator
		{6A9396EF-D5AE-4E7D-87F6-60C9D444A4D7}.Release|x86.ActiveCfg = Release|iPhoneSimulator
		{6A9396EF-D5AE-4E7D-87F6-60C9D444A4D7}.Release|x86.Build.0 = Release|iPhoneSimulator
		{6A9396EF-D5AE-4E7D-87F6-60C9D444A4D7}.Release|x86.Deploy.0 = Release|iPhoneSimulator
		{A6B15DFB-2734-494A-BF26-50D89A11F161}.Debug|Any CPU.ActiveCfg = Debug|Any CPU
		{A6B15DFB-2734-494A-BF26-50D89A11F161}.Debug|Any CPU.Build.0 = Debug|Any CPU
		{A6B15DFB-2734-494A-BF26-50D89A11F161}.Debug|Any CPU.Deploy.0 = Debug|Any CPU
		{A6B15DFB-2734-494A-BF26-50D89A11F161}.Debug|ARM.ActiveCfg = Debug|Any CPU
		{A6B15DFB-2734-494A-BF26-50D89A11F161}.Debug|ARM.Build.0 = Debug|Any CPU
		{A6B15DFB-2734-494A-BF26-50D89A11F161}.Debug|ARM.Deploy.0 = Debug|Any CPU
		{A6B15DFB-2734-494A-BF26-50D89A11F161}.Debug|iPhone.ActiveCfg = Debug|Any CPU
		{A6B15DFB-2734-494A-BF26-50D89A11F161}.Debug|iPhone.Build.0 = Debug|Any CPU
		{A6B15DFB-2734-494A-BF26-50D89A11F161}.Debug|iPhone.Deploy.0 = Debug|Any CPU
		{A6B15DFB-2734-494A-BF26-50D89A11F161}.Debug|iPhoneSimulator.ActiveCfg = Debug|Any CPU
		{A6B15DFB-2734-494A-BF26-50D89A11F161}.Debug|iPhoneSimulator.Build.0 = Debug|Any CPU
		{A6B15DFB-2734-494A-BF26-50D89A11F161}.Debug|iPhoneSimulator.Deploy.0 = Debug|Any CPU
		{A6B15DFB-2734-494A-BF26-50D89A11F161}.Debug|x64.ActiveCfg = Debug|Any CPU
		{A6B15DFB-2734-494A-BF26-50D89A11F161}.Debug|x64.Build.0 = Debug|Any CPU
		{A6B15DFB-2734-494A-BF26-50D89A11F161}.Debug|x64.Deploy.0 = Debug|Any CPU
		{A6B15DFB-2734-494A-BF26-50D89A11F161}.Debug|x86.ActiveCfg = Debug|Any CPU
		{A6B15DFB-2734-494A-BF26-50D89A11F161}.Debug|x86.Build.0 = Debug|Any CPU
		{A6B15DFB-2734-494A-BF26-50D89A11F161}.Debug|x86.Deploy.0 = Debug|Any CPU
		{A6B15DFB-2734-494A-BF26-50D89A11F161}.Release|Any CPU.ActiveCfg = Release|Any CPU
		{A6B15DFB-2734-494A-BF26-50D89A11F161}.Release|Any CPU.Build.0 = Release|Any CPU
		{A6B15DFB-2734-494A-BF26-50D89A11F161}.Release|Any CPU.Deploy.0 = Release|Any CPU
		{A6B15DFB-2734-494A-BF26-50D89A11F161}.Release|ARM.ActiveCfg = Release|Any CPU
		{A6B15DFB-2734-494A-BF26-50D89A11F161}.Release|ARM.Build.0 = Release|Any CPU
		{A6B15DFB-2734-494A-BF26-50D89A11F161}.Release|ARM.Deploy.0 = Release|Any CPU
		{A6B15DFB-2734-494A-BF26-50D89A11F161}.Release|iPhone.ActiveCfg = Release|Any CPU
		{A6B15DFB-2734-494A-BF26-50D89A11F161}.Release|iPhone.Build.0 = Release|Any CPU
		{A6B15DFB-2734-494A-BF26-50D89A11F161}.Release|iPhone.Deploy.0 = Release|Any CPU
		{A6B15DFB-2734-494A-BF26-50D89A11F161}.Release|iPhoneSimulator.ActiveCfg = Release|Any CPU
		{A6B15DFB-2734-494A-BF26-50D89A11F161}.Release|iPhoneSimulator.Build.0 = Release|Any CPU
		{A6B15DFB-2734-494A-BF26-50D89A11F161}.Release|iPhoneSimulator.Deploy.0 = Release|Any CPU
		{A6B15DFB-2734-494A-BF26-50D89A11F161}.Release|x64.ActiveCfg = Release|Any CPU
		{A6B15DFB-2734-494A-BF26-50D89A11F161}.Release|x64.Build.0 = Release|Any CPU
		{A6B15DFB-2734-494A-BF26-50D89A11F161}.Release|x64.Deploy.0 = Release|Any CPU
		{A6B15DFB-2734-494A-BF26-50D89A11F161}.Release|x86.ActiveCfg = Release|Any CPU
		{A6B15DFB-2734-494A-BF26-50D89A11F161}.Release|x86.Build.0 = Release|Any CPU
		{A6B15DFB-2734-494A-BF26-50D89A11F161}.Release|x86.Deploy.0 = Release|Any CPU
	EndGlobalSection
	GlobalSection(SolutionProperties) = preSolution
		HideSolutionNode = FALSE
	EndGlobalSection
	GlobalSection(ExtensibilityGlobals) = postSolution
		SolutionGuid = {C39EB0EB-7A05-4AC8-848A-DA3E19D585BD}
	EndGlobalSection
EndGlobal
